
Microsoft Visual Studio Solution File, Format Version 12.00
# Visual Studio Version 17
VisualStudioVersion = 17.14.36429.23 d17.14
MinimumVisualStudioVersion = 10.0.40219.1
Project("{FAE04EC0-301F-11D3-BF4B-00C04F79EFBC}") = "01_Herhaling_Functions_Classes_Arrays", "01_Herhaling_Functions_Classes_Arrays\01_Herhaling_Functions_Classes_Arrays.csproj", "{B190A6F6-F020-48CD-AE81-B905FB219612}"
EndProject
Global
	GlobalSection(SolutionConfigurationPlatforms) = preSolution
		Debug|Any CPU = Debug|Any CPU
		Release|Any CPU = Release|Any CPU
	EndGlobalSection
	GlobalSection(ProjectConfigurationPlatforms) = postSolution
		{B190A6F6-F020-48CD-AE81-B905FB219612}.Debug|Any CPU.ActiveCfg = Debug|Any CPU
		{B190A6F6-F020-48CD-AE81-B905FB219612}.Debug|Any CPU.Build.0 = Debug|Any CPU
		{B190A6F6-F020-48CD-AE81-B905FB219612}.Release|Any CPU.ActiveCfg = Release|Any CPU
		{B190A6F6-F020-48CD-AE81-B905FB219612}.Release|Any CPU.Build.0 = Release|Any CPU
	EndGlobalSection
	GlobalSection(SolutionProperties) = preSolution
		HideSolutionNode = FALSE
	EndGlobalSection
	GlobalSection(ExtensibilityGlobals) = postSolution
		SolutionGuid = {7DB2E6FE-8628-4B56-A42D-C42AFAC589AA}
	EndGlobalSection
EndGlobal
